{
  "originHash" : "52f6fe9e86900dca1d79e5100099aa1bef92e6aa8a58ab13e6910ae6a0241934",
  "pins" : [
    {
      "identity" : "macos-wallpaper",
      "kind" : "remoteSourceControl",
      "location" : "https://github.com/divadretlaw/macos-wallpaper",
      "state" : {
        "revision" : "f7743333daac770ff396ef82446261b7cd8f4eb5",
        "version" : "2.4.0"
      }
    },
    {
      "identity" : "rainbow",
      "kind" : "remoteSourceControl",
      "location" : "https://github.com/onevcat/Rainbow",
      "state" : {
        "revision" : "e0dada9cd44e3fa7ec3b867e49a8ddbf543e3df3",
        "version" : "4.0.1"
      }
    },
    {
      "identity" : "shell",
      "kind" : "remoteSourceControl",
      "location" : "https://github.com/divadretlaw/Shell",
      "state" : {
        "revision" : "04252a5190a858efa75f66199793625d1f6a7c0e",
        "version" : "0.7.0"
      }
    },
    {
      "identity" : "sqlite.swift",
      "kind" : "remoteSourceControl",
      "location" : "https://github.com/stephencelis/SQLite.swift",
      "state" : {
        "revision" : "a95fc6df17d108bd99210db5e8a9bac90fe984b8",
        "version" : "0.15.3"
      }
    },
    {
      "identity" : "swift-argument-parser",
      "kind" : "remoteSourceControl",
      "location" : "https://github.com/apple/swift-argument-parser",
      "state" : {
        "revision" : "41982a3656a71c768319979febd796c6fd111d5c",
        "version" : "1.5.0"
      }
    }
  ],
  "version" : 3
}
