{
  "originHash" : "beb96756bc2838cd8314a05c2a496647118b49f0b325953cfdd93202a88b6ecc",
  "pins" : [
    {
      "identity" : "macos-wallpaper",
      "kind" : "remoteSourceControl",
      "location" : "https://github.com/divadretlaw/macos-wallpaper",
      "state" : {
        "revision" : "edb19dc8cdf5ff2bb758d63b2b89f2b91a42d3ac",
        "version" : "2.3.2"
      }
    },
    {
      "identity" : "rainbow",
      "kind" : "remoteSourceControl",
      "location" : "https://github.com/onevcat/Rainbow",
      "state" : {
        "revision" : "e0dada9cd44e3fa7ec3b867e49a8ddbf543e3df3",
        "version" : "4.0.1"
      }
    },
    {
      "identity" : "shell",
      "kind" : "remoteSourceControl",
      "location" : "https://github.com/divadretlaw/Shell",
      "state" : {
        "revision" : "268e869ef9f37a2bf7f572f54ffb791d083b411c",
        "version" : "0.4.0"
      }
    },
    {
      "identity" : "sqlite.swift",
      "kind" : "remoteSourceControl",
      "location" : "https://github.com/stephencelis/SQLite.swift",
      "state" : {
        "revision" : "a95fc6df17d108bd99210db5e8a9bac90fe984b8",
        "version" : "0.15.3"
      }
    },
    {
      "identity" : "swift-argument-parser",
      "kind" : "remoteSourceControl",
      "location" : "https://github.com/apple/swift-argument-parser",
      "state" : {
        "revision" : "0fbc8848e389af3bb55c182bc19ca9d5dc2f255b",
        "version" : "1.4.0"
      }
    }
  ],
  "version" : 3
}
