{
  "object": {
    "pins": [
      {
        "package": "Wallpaper",
        "repositoryURL": "https://github.com/divadretlaw/macos-wallpaper",
        "state": {
          "branch": null,
          "revision": "fa1990cf3a60162aaca6e2dedb2c33df46e4241a",
          "version": "2.2.0"
        }
      },
      {
        "package": "Rainbow",
        "repositoryURL": "https://github.com/onevcat/Rainbow",
        "state": {
          "branch": null,
          "revision": "e0dada9cd44e3fa7ec3b867e49a8ddbf543e3df3",
          "version": "4.0.1"
        }
      },
      {
        "package": "SQLite.swift",
        "repositoryURL": "https://github.com/stephencelis/SQLite.swift",
        "state": {
          "branch": null,
          "revision": "0a9893ec030501a3956bee572d6b4fdd3ae158a1",
          "version": "0.12.2"
        }
      },
      {
        "package": "SwiftCLI",
        "repositoryURL": "https://github.com/jakeheis/SwiftCLI",
        "state": {
          "branch": null,
          "revision": "2816678bcc37f4833d32abeddbdf5e757fa891d8",
          "version": "6.0.2"
        }
      }
    ]
  },
  "version": 1
}
